
Microsoft Visual Studio Solution File, Format Version 12.00
# Visual Studio 2012
Project("{FAE04EC0-301F-11D3-BF4B-00C04F79EFBC}") = "8Queens", "8Queens.csproj", "{A382F0CD-B5F9-4041-A57B-89DFBC952C60}"
EndProject
Global
	GlobalSection(SolutionConfigurationPlatforms) = preSolution
		Debug|Any CPU = Debug|Any CPU
		Release|Any CPU = Release|Any CPU
	EndGlobalSection
	GlobalSection(ProjectConfigurationPlatforms) = postSolution
		{A382F0CD-B5F9-4041-A57B-89DFBC952C60}.Debug|Any CPU.ActiveCfg = Debug|Any CPU
		{A382F0CD-B5F9-4041-A57B-89DFBC952C60}.Debug|Any CPU.Build.0 = Debug|Any CPU
		{A382F0CD-B5F9-4041-A57B-89DFBC952C60}.Release|Any CPU.ActiveCfg = Release|Any CPU
		{A382F0CD-B5F9-4041-A57B-89DFBC952C60}.Release|Any CPU.Build.0 = Release|Any CPU
	EndGlobalSection
EndGlobal
